
Microsoft Visual Studio Solution File, Format Version 12.00
# Visual Studio Version 17
VisualStudioVersion = 17.13.35825.156
MinimumVisualStudioVersion = 10.0.40219.1
Project("{FAE04EC0-301F-11D3-BF4B-00C04F79EFBC}") = "DevToys.ExtensionKit", "DevToys.Extensions\DevToys.ExtensionKit.csproj", "{7EF29370-4AF0-4418-AADB-119FCD6843E7}"
EndProject
Project("{FAE04EC0-301F-11D3-BF4B-00C04F79EFBC}") = "DevToys.ExtensionKit.Tests", "DevToys.Extensions.Tests\DevToys.ExtensionKit.Tests.csproj", "{94821F64-FB0D-E34C-6AC4-2964691E7B5B}"
EndProject
Global
	GlobalSection(SolutionConfigurationPlatforms) = preSolution
		Debug|Any CPU = Debug|Any CPU
		Release|Any CPU = Release|Any CPU
	EndGlobalSection
	GlobalSection(ProjectConfigurationPlatforms) = postSolution
		{7EF29370-4AF0-4418-AADB-119FCD6843E7}.Debug|Any CPU.ActiveCfg = Debug|Any CPU
		{7EF29370-4AF0-4418-AADB-119FCD6843E7}.Debug|Any CPU.Build.0 = Debug|Any CPU
		{7EF29370-4AF0-4418-AADB-119FCD6843E7}.Release|Any CPU.ActiveCfg = Release|Any CPU
		{7EF29370-4AF0-4418-AADB-119FCD6843E7}.Release|Any CPU.Build.0 = Release|Any CPU
		{94821F64-FB0D-E34C-6AC4-2964691E7B5B}.Debug|Any CPU.ActiveCfg = Debug|Any CPU
		{94821F64-FB0D-E34C-6AC4-2964691E7B5B}.Debug|Any CPU.Build.0 = Debug|Any CPU
		{94821F64-FB0D-E34C-6AC4-2964691E7B5B}.Release|Any CPU.ActiveCfg = Release|Any CPU
		{94821F64-FB0D-E34C-6AC4-2964691E7B5B}.Release|Any CPU.Build.0 = Release|Any CPU
	EndGlobalSection
	GlobalSection(SolutionProperties) = preSolution
		HideSolutionNode = FALSE
	EndGlobalSection
	GlobalSection(ExtensibilityGlobals) = postSolution
		SolutionGuid = {0EC94C4B-415A-4FD1-B6D0-CF5970E1D53B}
	EndGlobalSection
EndGlobal
